
Microsoft Visual Studio Solution File, Format Version 12.00
# Visual Studio Version 17
VisualStudioVersion = 17.4.33122.133
MinimumVisualStudioVersion = 10.0.40219.1
Project("{9A19103F-16F7-4668-BE54-9A1E7A4F7556}") = "ContosoPizza", "ContosoPizza.csproj", "{43034493-92D2-4994-8AED-7FF1A4CC36D9}"
EndProject
Global
	GlobalSection(SolutionConfigurationPlatforms) = preSolution
		Debug|Any CPU = Debug|Any CPU
		Release|Any CPU = Release|Any CPU
	EndGlobalSection
	GlobalSection(ProjectConfigurationPlatforms) = postSolution
		{43034493-92D2-4994-8AED-7FF1A4CC36D9}.Debug|Any CPU.ActiveCfg = Debug|Any CPU
		{43034493-92D2-4994-8AED-7FF1A4CC36D9}.Debug|Any CPU.Build.0 = Debug|Any CPU
		{43034493-92D2-4994-8AED-7FF1A4CC36D9}.Release|Any CPU.ActiveCfg = Release|Any CPU
		{43034493-92D2-4994-8AED-7FF1A4CC36D9}.Release|Any CPU.Build.0 = Release|Any CPU
	EndGlobalSection
	GlobalSection(SolutionProperties) = preSolution
		HideSolutionNode = FALSE
	EndGlobalSection
	GlobalSection(ExtensibilityGlobals) = postSolution
		SolutionGuid = {64A978B9-455D-4EDB-A0C0-46374D6AC55C}
	EndGlobalSection
EndGlobal
